
Microsoft Visual Studio Solution File, Format Version 12.00
# Visual Studio Version 16
VisualStudioVersion = 16.0.31515.178
MinimumVisualStudioVersion = 10.0.40219.1
Project("{FAE04EC0-301F-11D3-BF4B-00C04F79EFBC}") = "ACNHApi", "ACNHApi\ACNHApi.csproj", "{C218D5FE-BB77-46CE-B0C9-50B444CC241B}"
EndProject
Global
	GlobalSection(SolutionConfigurationPlatforms) = preSolution
		Debug|Any CPU = Debug|Any CPU
		Release|Any CPU = Release|Any CPU
	EndGlobalSection
	GlobalSection(ProjectConfigurationPlatforms) = postSolution
		{C218D5FE-BB77-46CE-B0C9-50B444CC241B}.Debug|Any CPU.ActiveCfg = Debug|Any CPU
		{C218D5FE-BB77-46CE-B0C9-50B444CC241B}.Debug|Any CPU.Build.0 = Debug|Any CPU
		{C218D5FE-BB77-46CE-B0C9-50B444CC241B}.Release|Any CPU.ActiveCfg = Release|Any CPU
		{C218D5FE-BB77-46CE-B0C9-50B444CC241B}.Release|Any CPU.Build.0 = Release|Any CPU
	EndGlobalSection
	GlobalSection(SolutionProperties) = preSolution
		HideSolutionNode = FALSE
	EndGlobalSection
	GlobalSection(ExtensibilityGlobals) = postSolution
		SolutionGuid = {F3007223-A87B-4A0C-932F-692F11C91B63}
	EndGlobalSection
EndGlobal
